// !$*UTF8*$!
{
	archiveVersion = 1;
	classes = {
	};
	objectVersion = 53;
	objects = {

/* Begin PBXBuildFile section */
		180DC61523C78D9800486B1A /* LaunchScreen.storyboard in Resources */ = {isa = PBXBuildFile; fileRef = 180DC61423C78D9800486B1A /* LaunchScreen.storyboard */; };
		185CB20523C78CE8009F7571 /* Assets.xcassets in Resources */ = {isa = PBXBuildFile; fileRef = 185CB20423C78CE8009F7571 /* Assets.xcassets */; };
		493A92E4265D771100303D4C /* App.swift in Sources */ = {isa = PBXBuildFile; fileRef = 493A92E3265D771100303D4C /* App.swift */; };
		4953DA6024585891009588C5 /* HapticManager.swift in Sources */ = {isa = PBXBuildFile; fileRef = 4953DA5F24585891009588C5 /* HapticManager.swift */; };
		49831876244DBC0800E6618B /* Constants.swift in Sources */ = {isa = PBXBuildFile; fileRef = 49831870244DBC0800E6618B /* Constants.swift */; };
		49831877244DBC0800E6618B /* VineNode.swift in Sources */ = {isa = PBXBuildFile; fileRef = 49831871244DBC0800E6618B /* VineNode.swift */; };
		49831879244DBC0800E6618B /* VineData.swift in Sources */ = {isa = PBXBuildFile; fileRef = 49831873244DBC0800E6618B /* VineData.swift */; };
		4983187B244DBC0800E6618B /* GameScene.swift in Sources */ = {isa = PBXBuildFile; fileRef = 49831875244DBC0800E6618B /* GameScene.swift */; };
		49831888244DBC2300E6618B /* Particle.sks in Resources */ = {isa = PBXBuildFile; fileRef = 4983187E244DBC2300E6618B /* Particle.sks */; };
		49831889244DBC2300E6618B /* Particle@2x.png in Resources */ = {isa = PBXBuildFile; fileRef = 4983187F244DBC2300E6618B /* Particle@2x.png */; };
		4983188A244DBC2300E6618B /* Particle.png in Resources */ = {isa = PBXBuildFile; fileRef = 49831880244DBC2300E6618B /* Particle.png */; };
		4983188B244DBC2300E6618B /* CheeZeeJungle.caf in Resources */ = {isa = PBXBuildFile; fileRef = 49831882244DBC2300E6618B /* CheeZeeJungle.caf */; };
		4983188C244DBC2300E6618B /* NomNom.caf in Resources */ = {isa = PBXBuildFile; fileRef = 49831883244DBC2300E6618B /* NomNom.caf */; };
		4983188D244DBC2300E6618B /* Slice.caf in Resources */ = {isa = PBXBuildFile; fileRef = 49831884244DBC2300E6618B /* Slice.caf */; };
		4983188E244DBC2300E6618B /* Splash.caf in Resources */ = {isa = PBXBuildFile; fileRef = 49831885244DBC2300E6618B /* Splash.caf */; };
		4983188F244DBC2300E6618B /* VineData.plist in Resources */ = {isa = PBXBuildFile; fileRef = 49831887244DBC2300E6618B /* VineData.plist */; };
/* End PBXBuildFile section */

/* Begin PBXFileReference section */
		180DC61423C78D9800486B1A /* LaunchScreen.storyboard */ = {isa = PBXFileReference; fileEncoding = 4; lastKnownFileType = file.storyboard; path = LaunchScreen.storyboard; sourceTree = "<group>"; };
		185CB1F823C78CE6009F7571 /* Snip The Vine.app */ = {isa = PBXFileReference; explicitFileType = wrapper.application; includeInIndex = 0; path = "Snip The Vine.app"; sourceTree = BUILT_PRODUCTS_DIR; };
		185CB20423C78CE8009F7571 /* Assets.xcassets */ = {isa = PBXFileReference; lastKnownFileType = folder.assetcatalog; path = Assets.xcassets; sourceTree = "<group>"; };
		185CB20923C78CE8009F7571 /* Info.plist */ = {isa = PBXFileReference; lastKnownFileType = text.plist.xml; path = Info.plist; sourceTree = "<group>"; };
		493A92E3265D771100303D4C /* App.swift */ = {isa = PBXFileReference; lastKnownFileType = sourcecode.swift; path = App.swift; sourceTree = "<group>"; };
		4953DA5F24585891009588C5 /* HapticManager.swift */ = {isa = PBXFileReference; fileEncoding = 4; lastKnownFileType = sourcecode.swift; path = HapticManager.swift; sourceTree = "<group>"; };
		49831870244DBC0800E6618B /* Constants.swift */ = {isa = PBXFileReference; fileEncoding = 4; lastKnownFileType = sourcecode.swift; path = Constants.swift; sourceTree = "<group>"; };
		49831871244DBC0800E6618B /* VineNode.swift */ = {isa = PBXFileReference; fileEncoding = 4; lastKnownFileType = sourcecode.swift; path = VineNode.swift; sourceTree = "<group>"; };
		49831873244DBC0800E6618B /* VineData.swift */ = {isa = PBXFileReference; fileEncoding = 4; lastKnownFileType = sourcecode.swift; path = VineData.swift; sourceTree = "<group>"; };
		49831875244DBC0800E6618B /* GameScene.swift */ = {isa = PBXFileReference; fileEncoding = 4; lastKnownFileType = sourcecode.swift; path = GameScene.swift; sourceTree = "<group>"; };
		4983187E244DBC2300E6618B /* Particle.sks */ = {isa = PBXFileReference; lastKnownFileType = file.sks; path = Particle.sks; sourceTree = "<group>"; };
		4983187F244DBC2300E6618B /* Particle@2x.png */ = {isa = PBXFileReference; lastKnownFileType = image.png; path = "Particle@2x.png"; sourceTree = "<group>"; };
		49831880244DBC2300E6618B /* Particle.png */ = {isa = PBXFileReference; lastKnownFileType = image.png; path = Particle.png; sourceTree = "<group>"; };
		49831882244DBC2300E6618B /* CheeZeeJungle.caf */ = {isa = PBXFileReference; lastKnownFileType = file; path = CheeZeeJungle.caf; sourceTree = "<group>"; };
		49831883244DBC2300E6618B /* NomNom.caf */ = {isa = PBXFileReference; lastKnownFileType = file; path = NomNom.caf; sourceTree = "<group>"; };
		49831884244DBC2300E6618B /* Slice.caf */ = {isa = PBXFileReference; lastKnownFileType = file; path = Slice.caf; sourceTree = "<group>"; };
		49831885244DBC2300E6618B /* Splash.caf */ = {isa = PBXFileReference; lastKnownFileType = file; path = Splash.caf; sourceTree = "<group>"; };
		49831887244DBC2300E6618B /* VineData.plist */ = {isa = PBXFileReference; fileEncoding = 4; lastKnownFileType = text.plist.xml; path = VineData.plist; sourceTree = "<group>"; };
/* End PBXFileReference section */

/* Begin PBXFrameworksBuildPhase section */
		185CB1F523C78CE6009F7571 /* Frameworks */ = {
			isa = PBXFrameworksBuildPhase;
			buildActionMask = 2147483647;
			files = (
			);
			runOnlyForDeploymentPostprocessing = 0;
		};
/* End PBXFrameworksBuildPhase section */

/* Begin PBXGroup section */
		185CB1EF23C78CE6009F7571 = {
			isa = PBXGroup;
			children = (
				185CB1FA23C78CE6009F7571 /* SnipTheVine */,
				185CB1F923C78CE6009F7571 /* Products */,
			);
			indentWidth = 2;
			sourceTree = "<group>";
			tabWidth = 2;
		};
		185CB1F923C78CE6009F7571 /* Products */ = {
			isa = PBXGroup;
			children = (
				185CB1F823C78CE6009F7571 /* Snip The Vine.app */,
			);
			name = Products;
			sourceTree = "<group>";
		};
		185CB1FA23C78CE6009F7571 /* SnipTheVine */ = {
			isa = PBXGroup;
			children = (
				493A92E3265D771100303D4C /* App.swift */,
				49831875244DBC0800E6618B /* GameScene.swift */,
				4953DA5F24585891009588C5 /* HapticManager.swift */,
				49831870244DBC0800E6618B /* Constants.swift */,
				493A92E5265D7B5900303D4C /* Vine */,
				4983187C244DBC2300E6618B /* Resources */,
				185CB20423C78CE8009F7571 /* Assets.xcassets */,
				180DC61423C78D9800486B1A /* LaunchScreen.storyboard */,
				185CB20923C78CE8009F7571 /* Info.plist */,
			);
			path = SnipTheVine;
			sourceTree = "<group>";
		};
		493A92E5265D7B5900303D4C /* Vine */ = {
			isa = PBXGroup;
			children = (
				49831871244DBC0800E6618B /* VineNode.swift */,
				49831873244DBC0800E6618B /* VineData.swift */,
				49831887244DBC2300E6618B /* VineData.plist */,
			);
			path = Vine;
			sourceTree = "<group>";
		};
		4983187C244DBC2300E6618B /* Resources */ = {
			isa = PBXGroup;
			children = (
				4983187D244DBC2300E6618B /* Particles */,
				49831881244DBC2300E6618B /* Sounds */,
			);
			path = Resources;
			sourceTree = "<group>";
		};
		4983187D244DBC2300E6618B /* Particles */ = {
			isa = PBXGroup;
			children = (
				4983187E244DBC2300E6618B /* Particle.sks */,
				4983187F244DBC2300E6618B /* Particle@2x.png */,
				49831880244DBC2300E6618B /* Particle.png */,
			);
			path = Particles;
			sourceTree = "<group>";
		};
		49831881244DBC2300E6618B /* Sounds */ = {
			isa = PBXGroup;
			children = (
				49831882244DBC2300E6618B /* CheeZeeJungle.caf */,
				49831883244DBC2300E6618B /* NomNom.caf */,
				49831884244DBC2300E6618B /* Slice.caf */,
				49831885244DBC2300E6618B /* Splash.caf */,
			);
			path = Sounds;
			sourceTree = "<group>";
		};
/* End PBXGroup section */

/* Begin PBXNativeTarget section */
		185CB1F723C78CE6009F7571 /* SnipTheVine */ = {
			isa = PBXNativeTarget;
			buildConfigurationList = 185CB20C23C78CE8009F7571 /* Build configuration list for PBXNativeTarget "SnipTheVine" */;
			buildPhases = (
				181763B324C90B7600C59DF2 /* SwiftLint */,
				185CB1F423C78CE6009F7571 /* Sources */,
				185CB1F523C78CE6009F7571 /* Frameworks */,
				185CB1F623C78CE6009F7571 /* Resources */,
			);
			buildRules = (
			);
			dependencies = (
			);
			name = SnipTheVine;
			productName = MyRWTutorial;
			productReference = 185CB1F823C78CE6009F7571 /* Snip The Vine.app */;
			productType = "com.apple.product-type.application";
		};
/* End PBXNativeTarget section */

/* Begin PBXProject section */
		185CB1F023C78CE6009F7571 /* Project object */ = {
			isa = PBXProject;
			attributes = {
				LastSwiftUpdateCheck = 1130;
				LastUpgradeCheck = 1250;
				ORGANIZATIONNAME = "Ray Wenderlich";
				TargetAttributes = {
					185CB1F723C78CE6009F7571 = {
						CreatedOnToolsVersion = 11.3;
					};
				};
			};
			buildConfigurationList = 185CB1F323C78CE6009F7571 /* Build configuration list for PBXProject "SnipTheVine" */;
			compatibilityVersion = "Xcode 11.4";
			developmentRegion = en;
			hasScannedForEncodings = 0;
			knownRegions = (
				en,
				Base,
			);
			mainGroup = 185CB1EF23C78CE6009F7571;
			productRefGroup = 185CB1F923C78CE6009F7571 /* Products */;
			projectDirPath = "";
			projectRoot = "";
			targets = (
				185CB1F723C78CE6009F7571 /* SnipTheVine */,
			);
		};
/* End PBXProject section */

/* Begin PBXResourcesBuildPhase section */
		185CB1F623C78CE6009F7571 /* Resources */ = {
			isa = PBXResourcesBuildPhase;
			buildActionMask = 2147483647;
			files = (
				180DC61523C78D9800486B1A /* LaunchScreen.storyboard in Resources */,
				4983188A244DBC2300E6618B /* Particle.png in Resources */,
				4983188B244DBC2300E6618B /* CheeZeeJungle.caf in Resources */,
				185CB20523C78CE8009F7571 /* Assets.xcassets in Resources */,
				49831888244DBC2300E6618B /* Particle.sks in Resources */,
				4983188C244DBC2300E6618B /* NomNom.caf in Resources */,
				4983188E244DBC2300E6618B /* Splash.caf in Resources */,
				4983188F244DBC2300E6618B /* VineData.plist in Resources */,
				49831889244DBC2300E6618B /* Particle@2x.png in Resources */,
				4983188D244DBC2300E6618B /* Slice.caf in Resources */,
			);
			runOnlyForDeploymentPostprocessing = 0;
		};
/* End PBXResourcesBuildPhase section */

/* Begin PBXShellScriptBuildPhase section */
		181763B324C90B7600C59DF2 /* SwiftLint */ = {
			isa = PBXShellScriptBuildPhase;
			buildActionMask = 2147483647;
			files = (
			);
			inputFileListPaths = (
			);
			inputPaths = (
			);
			name = SwiftLint;
			outputFileListPaths = (
			);
			outputPaths = (
			);
			runOnlyForDeploymentPostprocessing = 0;
			shellPath = /bin/sh;
			shellScript = "if [ -f ~/com.raywenderlich.swiftlint.yml ]; then\n  if which swiftlint >/dev/null; then\n    swiftlint --config ~/com.raywenderlich.swiftlint.yml\n  fi\nfi\n";
		};
/* End PBXShellScriptBuildPhase section */

/* Begin PBXSourcesBuildPhase section */
		185CB1F423C78CE6009F7571 /* Sources */ = {
			isa = PBXSourcesBuildPhase;
			buildActionMask = 2147483647;
			files = (
				493A92E4265D771100303D4C /* App.swift in Sources */,
				49831879244DBC0800E6618B /* VineData.swift in Sources */,
				4983187B244DBC0800E6618B /* GameScene.swift in Sources */,
				4953DA6024585891009588C5 /* HapticManager.swift in Sources */,
				49831877244DBC0800E6618B /* VineNode.swift in Sources */,
				49831876244DBC0800E6618B /* Constants.swift in Sources */,
			);
			runOnlyForDeploymentPostprocessing = 0;
		};
/* End PBXSourcesBuildPhase section */

/* Begin XCBuildConfiguration section */
		185CB20A23C78CE8009F7571 /* Debug */ = {
			isa = XCBuildConfiguration;
			buildSettings = {
				ALWAYS_SEARCH_USER_PATHS = NO;
				CLANG_ANALYZER_NONNULL = YES;
				CLANG_ANALYZER_NUMBER_OBJECT_CONVERSION = YES_AGGRESSIVE;
				CLANG_CXX_LANGUAGE_STANDARD = "gnu++14";
				CLANG_CXX_LIBRARY = "libc++";
				CLANG_ENABLE_MODULES = YES;
				CLANG_ENABLE_OBJC_ARC = YES;
				CLANG_ENABLE_OBJC_WEAK = YES;
				CLANG_WARN_BLOCK_CAPTURE_AUTORELEASING = YES;
				CLANG_WARN_BOOL_CONVERSION = YES;
				CLANG_WARN_COMMA = YES;
				CLANG_WARN_CONSTANT_CONVERSION = YES;
				CLANG_WARN_DEPRECATED_OBJC_IMPLEMENTATIONS = YES;
				CLANG_WARN_DIRECT_OBJC_ISA_USAGE = YES_ERROR;
				CLANG_WARN_DOCUMENTATION_COMMENTS = YES;
				CLANG_WARN_EMPTY_BODY = YES;
				CLANG_WARN_ENUM_CONVERSION = YES;
				CLANG_WARN_INFINITE_RECURSION = YES;
				CLANG_WARN_INT_CONVERSION = YES;
				CLANG_WARN_NON_LITERAL_NULL_CONVERSION = YES;
				CLANG_WARN_OBJC_IMPLICIT_RETAIN_SELF = YES;
				CLANG_WARN_OBJC_LITERAL_CONVERSION = YES;
				CLANG_WARN_OBJC_ROOT_CLASS = YES_ERROR;
				CLANG_WARN_QUOTED_INCLUDE_IN_FRAMEWORK_HEADER = YES;
				CLANG_WARN_RANGE_LOOP_ANALYSIS = YES;
				CLANG_WARN_STRICT_PROTOTYPES = YES;
				CLANG_WARN_SUSPICIOUS_MOVE = YES;
				CLANG_WARN_UNGUARDED_AVAILABILITY = YES_AGGRESSIVE;
				CLANG_WARN_UNREACHABLE_CODE = YES;
				CLANG_WARN__DUPLICATE_METHOD_MATCH = YES;
				COPY_PHASE_STRIP = NO;
				DEBUG_INFORMATION_FORMAT = dwarf;
				ENABLE_STRICT_OBJC_MSGSEND = YES;
				ENABLE_TESTABILITY = YES;
				GCC_C_LANGUAGE_STANDARD = gnu11;
				GCC_DYNAMIC_NO_PIC = NO;
				GCC_NO_COMMON_BLOCKS = YES;
				GCC_OPTIMIZATION_LEVEL = 0;
				GCC_PREPROCESSOR_DEFINITIONS = (
					"DEBUG=1",
					"$(inherited)",
				);
				GCC_WARN_64_TO_32_BIT_CONVERSION = YES;
				GCC_WARN_ABOUT_RETURN_TYPE = YES_ERROR;
				GCC_WARN_UNDECLARED_SELECTOR = YES;
				GCC_WARN_UNINITIALIZED_AUTOS = YES_AGGRESSIVE;
				GCC_WARN_UNUSED_FUNCTION = YES;
				GCC_WARN_UNUSED_VARIABLE = YES;
				IPHONEOS_DEPLOYMENT_TARGET = 14.5;
				MTL_ENABLE_DEBUG_INFO = INCLUDE_SOURCE;
				MTL_FAST_MATH = YES;
				ONLY_ACTIVE_ARCH = YES;
				SDKROOT = iphoneos;
				SWIFT_ACTIVE_COMPILATION_CONDITIONS = DEBUG;
				SWIFT_OPTIMIZATION_LEVEL = "-Onone";
			};
			name = Debug;
		};
		185CB20B23C78CE8009F7571 /* Release */ = {
			isa = XCBuildConfiguration;
			buildSettings = {
				ALWAYS_SEARCH_USER_PATHS = NO;
				CLANG_ANALYZER_NONNULL = YES;
				CLANG_ANALYZER_NUMBER_OBJECT_CONVERSION = YES_AGGRESSIVE;
				CLANG_CXX_LANGUAGE_STANDARD = "gnu++14";
				CLANG_CXX_LIBRARY = "libc++";
				CLANG_ENABLE_MODULES = YES;
				CLANG_ENABLE_OBJC_ARC = YES;
				CLANG_ENABLE_OBJC_WEAK = YES;
				CLANG_WARN_BLOCK_CAPTURE_AUTORELEASING = YES;
				CLANG_WARN_BOOL_CONVERSION = YES;
				CLANG_WARN_COMMA = YES;
				CLANG_WARN_CONSTANT_CONVERSION = YES;
				CLANG_WARN_DEPRECATED_OBJC_IMPLEMENTATIONS = YES;
				CLANG_WARN_DIRECT_OBJC_ISA_USAGE = YES_ERROR;
				CLANG_WARN_DOCUMENTATION_COMMENTS = YES;
				CLANG_WARN_EMPTY_BODY = YES;
				CLANG_WARN_ENUM_CONVERSION = YES;
				CLANG_WARN_INFINITE_RECURSION = YES;
				CLANG_WARN_INT_CONVERSION = YES;
				CLANG_WARN_NON_LITERAL_NULL_CONVERSION = YES;
				CLANG_WARN_OBJC_IMPLICIT_RETAIN_SELF = YES;
				CLANG_WARN_OBJC_LITERAL_CONVERSION = YES;
				CLANG_WARN_OBJC_ROOT_CLASS = YES_ERROR;
				CLANG_WARN_QUOTED_INCLUDE_IN_FRAMEWORK_HEADER = YES;
				CLANG_WARN_RANGE_LOOP_ANALYSIS = YES;
				CLANG_WARN_STRICT_PROTOTYPES = YES;
				CLANG_WARN_SUSPICIOUS_MOVE = YES;
				CLANG_WARN_UNGUARDED_AVAILABILITY = YES_AGGRESSIVE;
				CLANG_WARN_UNREACHABLE_CODE = YES;
				CLANG_WARN__DUPLICATE_METHOD_MATCH = YES;
				COPY_PHASE_STRIP = NO;
				DEBUG_INFORMATION_FORMAT = "dwarf-with-dsym";
				ENABLE_NS_ASSERTIONS = NO;
				ENABLE_STRICT_OBJC_MSGSEND = YES;
				GCC_C_LANGUAGE_STANDARD = gnu11;
				GCC_NO_COMMON_BLOCKS = YES;
				GCC_WARN_64_TO_32_BIT_CONVERSION = YES;
				GCC_WARN_ABOUT_RETURN_TYPE = YES_ERROR;
				GCC_WARN_UNDECLARED_SELECTOR = YES;
				GCC_WARN_UNINITIALIZED_AUTOS = YES_AGGRESSIVE;
				GCC_WARN_UNUSED_FUNCTION = YES;
				GCC_WARN_UNUSED_VARIABLE = YES;
				IPHONEOS_DEPLOYMENT_TARGET = 14.5;
				MTL_ENABLE_DEBUG_INFO = NO;
				MTL_FAST_MATH = YES;
				SDKROOT = iphoneos;
				SWIFT_COMPILATION_MODE = wholemodule;
				SWIFT_OPTIMIZATION_LEVEL = "-O";
				VALIDATE_PRODUCT = YES;
			};
			name = Release;
		};
		185CB20D23C78CE8009F7571 /* Debug */ = {
			isa = XCBuildConfiguration;
			buildSettings = {
				ASSETCATALOG_COMPILER_APPICON_NAME = AppIcon;
				CODE_SIGN_STYLE = Automatic;
				DEVELOPMENT_TEAM = 4AQJ37X836;
				INFOPLIST_FILE = SnipTheVine/info.plist;
				IPHONEOS_DEPLOYMENT_TARGET = 14.5;
				LD_RUNPATH_SEARCH_PATHS = (
					"$(inherited)",
					"@executable_path/Frameworks",
				);
				PRODUCT_BUNDLE_IDENTIFIER = com.raywenderlich.SnipTheVine;
				PRODUCT_NAME = "Snip The Vine";
				SWIFT_VERSION = 5.0;
				TARGETED_DEVICE_FAMILY = "1,2";
			};
			name = Debug;
		};
		185CB20E23C78CE8009F7571 /* Release */ = {
			isa = XCBuildConfiguration;
			buildSettings = {
				ASSETCATALOG_COMPILER_APPICON_NAME = AppIcon;
				CODE_SIGN_STYLE = Automatic;
				DEVELOPMENT_TEAM = 4AQJ37X836;
				INFOPLIST_FILE = SnipTheVine/info.plist;
				IPHONEOS_DEPLOYMENT_TARGET = 14.5;
				LD_RUNPATH_SEARCH_PATHS = (
					"$(inherited)",
					"@executable_path/Frameworks",
				);
				PRODUCT_BUNDLE_IDENTIFIER = com.raywenderlich.SnipTheVine;
				PRODUCT_NAME = "Snip The Vine";
				SWIFT_VERSION = 5.0;
				TARGETED_DEVICE_FAMILY = "1,2";
			};
			name = Release;
		};
/* End XCBuildConfiguration section */

/* Begin XCConfigurationList section */
		185CB1F323C78CE6009F7571 /* Build configuration list for PBXProject "SnipTheVine" */ = {
			isa = XCConfigurationList;
			buildConfigurations = (
				185CB20A23C78CE8009F7571 /* Debug */,
				185CB20B23C78CE8009F7571 /* Release */,
			);
			defaultConfigurationIsVisible = 0;
			defaultConfigurationName = Release;
		};
		185CB20C23C78CE8009F7571 /* Build configuration list for PBXNativeTarget "SnipTheVine" */ = {
			isa = XCConfigurationList;
			buildConfigurations = (
				185CB20D23C78CE8009F7571 /* Debug */,
				185CB20E23C78CE8009F7571 /* Release */,
			);
			defaultConfigurationIsVisible = 0;
			defaultConfigurationName = Release;
		};
/* End XCConfigurationList section */
	};
	rootObject = 185CB1F023C78CE6009F7571 /* Project object */;
}
